
Microsoft Visual Studio Solution File, Format Version 12.00
# Visual Studio Version 16
VisualStudioVersion = 16.0.31112.23
MinimumVisualStudioVersion = 10.0.40219.1
Project("{8BC9CEB8-8B4A-11D0-8D11-00A0C91BC942}") = "Lab 3 - 12 Suport", "Lab 3 - 12 Suport\Lab 3 - 12 Suport.vcxproj", "{33692E97-28E7-4975-BE45-C14DBB4E1B57}"
EndProject
Global
	GlobalSection(SolutionConfigurationPlatforms) = preSolution
		Debug|x64 = Debug|x64
		Debug|x86 = Debug|x86
		Release|x64 = Release|x64
		Release|x86 = Release|x86
	EndGlobalSection
	GlobalSection(ProjectConfigurationPlatforms) = postSolution
		{33692E97-28E7-4975-BE45-C14DBB4E1B57}.Debug|x64.ActiveCfg = Debug|x64
		{33692E97-28E7-4975-BE45-C14DBB4E1B57}.Debug|x64.Build.0 = Debug|x64
		{33692E97-28E7-4975-BE45-C14DBB4E1B57}.Debug|x86.ActiveCfg = Debug|Win32
		{33692E97-28E7-4975-BE45-C14DBB4E1B57}.Debug|x86.Build.0 = Debug|Win32
		{33692E97-28E7-4975-BE45-C14DBB4E1B57}.Release|x64.ActiveCfg = Release|x64
		{33692E97-28E7-4975-BE45-C14DBB4E1B57}.Release|x64.Build.0 = Release|x64
		{33692E97-28E7-4975-BE45-C14DBB4E1B57}.Release|x86.ActiveCfg = Release|Win32
		{33692E97-28E7-4975-BE45-C14DBB4E1B57}.Release|x86.Build.0 = Release|Win32
	EndGlobalSection
	GlobalSection(SolutionProperties) = preSolution
		HideSolutionNode = FALSE
	EndGlobalSection
	GlobalSection(ExtensibilityGlobals) = postSolution
		SolutionGuid = {1AC0E319-303B-460B-B599-1C0B5030E673}
	EndGlobalSection
EndGlobal
