
Microsoft Visual Studio Solution File, Format Version 12.00
# Visual Studio Version 16
VisualStudioVersion = 16.0.31112.23
MinimumVisualStudioVersion = 10.0.40219.1
Project("{8BC9CEB8-8B4A-11D0-8D11-00A0C91BC942}") = "Lab 6 - Pr 2 Bun", "Lab 6 - Pr 2 Bun\Lab 6 - Pr 2 Bun.vcxproj", "{2A4FC2FF-A5F5-4318-AE18-1B1EB75BCF7A}"
EndProject
Global
	GlobalSection(SolutionConfigurationPlatforms) = preSolution
		Debug|x64 = Debug|x64
		Debug|x86 = Debug|x86
		Release|x64 = Release|x64
		Release|x86 = Release|x86
	EndGlobalSection
	GlobalSection(ProjectConfigurationPlatforms) = postSolution
		{2A4FC2FF-A5F5-4318-AE18-1B1EB75BCF7A}.Debug|x64.ActiveCfg = Debug|x64
		{2A4FC2FF-A5F5-4318-AE18-1B1EB75BCF7A}.Debug|x64.Build.0 = Debug|x64
		{2A4FC2FF-A5F5-4318-AE18-1B1EB75BCF7A}.Debug|x86.ActiveCfg = Debug|Win32
		{2A4FC2FF-A5F5-4318-AE18-1B1EB75BCF7A}.Debug|x86.Build.0 = Debug|Win32
		{2A4FC2FF-A5F5-4318-AE18-1B1EB75BCF7A}.Release|x64.ActiveCfg = Release|x64
		{2A4FC2FF-A5F5-4318-AE18-1B1EB75BCF7A}.Release|x64.Build.0 = Release|x64
		{2A4FC2FF-A5F5-4318-AE18-1B1EB75BCF7A}.Release|x86.ActiveCfg = Release|Win32
		{2A4FC2FF-A5F5-4318-AE18-1B1EB75BCF7A}.Release|x86.Build.0 = Release|Win32
	EndGlobalSection
	GlobalSection(SolutionProperties) = preSolution
		HideSolutionNode = FALSE
	EndGlobalSection
	GlobalSection(ExtensibilityGlobals) = postSolution
		SolutionGuid = {D95B890B-509F-4777-A3DD-529F2B16931F}
	EndGlobalSection
EndGlobal
